
Microsoft Visual Studio Solution File, Format Version 10.00
# Visual Studio 2008
Project("{8BC9CEB8-8B4A-11D0-8D11-00A0C91BC942}") = "C_Std", "C_Std\C_Std.vcproj", "{4F6A6D34-8C92-49E6-8738-B3EAFD20985E}"
	ProjectSection(ProjectDependencies) = postProject
		{D7B9213B-1BD2-41A6-A4A8-5962E1C916E3} = {D7B9213B-1BD2-41A6-A4A8-5962E1C916E3}
		{6532543F-8D20-45CE-A126-E0D503AEF651} = {6532543F-8D20-45CE-A126-E0D503AEF651}
		{C12B9360-3BFF-4928-8F21-6BB7CEAD40A4} = {C12B9360-3BFF-4928-8F21-6BB7CEAD40A4}
		{D60124AD-C39B-4CC5-9B39-6E001A7802EF} = {D60124AD-C39B-4CC5-9B39-6E001A7802EF}
	EndProjectSection
EndProject
Project("{8BC9CEB8-8B4A-11D0-8D11-00A0C91BC942}") = "F_Cross", "F_Cross\F_Cross.vcproj", "{0FC49812-97B6-495C-87E3-7262DD150F04}"
	ProjectSection(ProjectDependencies) = postProject
		{D7B9213B-1BD2-41A6-A4A8-5962E1C916E3} = {D7B9213B-1BD2-41A6-A4A8-5962E1C916E3}
		{6532543F-8D20-45CE-A126-E0D503AEF651} = {6532543F-8D20-45CE-A126-E0D503AEF651}
		{69EC1B80-B635-4727-9C61-E399286ACEDA} = {69EC1B80-B635-4727-9C61-E399286ACEDA}
		{D60124AD-C39B-4CC5-9B39-6E001A7802EF} = {D60124AD-C39B-4CC5-9B39-6E001A7802EF}
	EndProjectSection
EndProject
Project("{8BC9CEB8-8B4A-11D0-8D11-00A0C91BC942}") = "F_Show", "F_Show\F_Show.vcproj", "{8F1DC85E-05F5-4F6D-9023-88B9E3A1C11D}"
	ProjectSection(ProjectDependencies) = postProject
		{D7B9213B-1BD2-41A6-A4A8-5962E1C916E3} = {D7B9213B-1BD2-41A6-A4A8-5962E1C916E3}
		{6532543F-8D20-45CE-A126-E0D503AEF651} = {6532543F-8D20-45CE-A126-E0D503AEF651}
		{D60124AD-C39B-4CC5-9B39-6E001A7802EF} = {D60124AD-C39B-4CC5-9B39-6E001A7802EF}
	EndProjectSection
EndProject
Project("{8BC9CEB8-8B4A-11D0-8D11-00A0C91BC942}") = "Geo_2D", "Geo_2D\Geo_2D.vcproj", "{090E3584-54BB-4B26-AB93-903AC46D5893}"
	ProjectSection(ProjectDependencies) = postProject
		{0FC49812-97B6-495C-87E3-7262DD150F04} = {0FC49812-97B6-495C-87E3-7262DD150F04}
		{67CF662B-F316-4663-B58C-14D594215CCF} = {67CF662B-F316-4663-B58C-14D594215CCF}
		{4F6A6D34-8C92-49E6-8738-B3EAFD20985E} = {4F6A6D34-8C92-49E6-8738-B3EAFD20985E}
		{D7B9213B-1BD2-41A6-A4A8-5962E1C916E3} = {D7B9213B-1BD2-41A6-A4A8-5962E1C916E3}
		{6532543F-8D20-45CE-A126-E0D503AEF651} = {6532543F-8D20-45CE-A126-E0D503AEF651}
		{5CFD1145-327F-4A02-A1D4-DBA957E4C647} = {5CFD1145-327F-4A02-A1D4-DBA957E4C647}
		{3150C748-224C-49E8-9B2E-23516D1535A4} = {3150C748-224C-49E8-9B2E-23516D1535A4}
		{8F1DC85E-05F5-4F6D-9023-88B9E3A1C11D} = {8F1DC85E-05F5-4F6D-9023-88B9E3A1C11D}
		{44AF6B60-1497-4D9C-923B-24ED48D19D79} = {44AF6B60-1497-4D9C-923B-24ED48D19D79}
		{99136B68-E0FD-44E2-89CC-E783C6F5DD04} = {99136B68-E0FD-44E2-89CC-E783C6F5DD04}
		{0EC73D6F-ACA6-4AB5-A873-D283F7CD2395} = {0EC73D6F-ACA6-4AB5-A873-D283F7CD2395}
		{7358E67C-6BDF-468E-9E4F-1D9F6F720A0F} = {7358E67C-6BDF-468E-9E4F-1D9F6F720A0F}
		{D4E5EB7D-1687-4832-9E02-46D6522A6F96} = {D4E5EB7D-1687-4832-9E02-46D6522A6F96}
		{69EC1B80-B635-4727-9C61-E399286ACEDA} = {69EC1B80-B635-4727-9C61-E399286ACEDA}
		{272A598C-B384-4834-8B36-87D8D0D42C4E} = {272A598C-B384-4834-8B36-87D8D0D42C4E}
		{B7266B8D-F2E3-4A19-A638-115B24DC5CE4} = {B7266B8D-F2E3-4A19-A638-115B24DC5CE4}
		{4BA94C98-3785-4641-83BD-757732D4EA1F} = {4BA94C98-3785-4641-83BD-757732D4EA1F}
		{D60124AD-C39B-4CC5-9B39-6E001A7802EF} = {D60124AD-C39B-4CC5-9B39-6E001A7802EF}
		{3ED886AF-5906-4172-BB0A-312B67FC6218} = {3ED886AF-5906-4172-BB0A-312B67FC6218}
		{A7572AB5-5E97-4041-BEF9-9C327D6FBA24} = {A7572AB5-5E97-4041-BEF9-9C327D6FBA24}
		{B934ABD5-05A7-47CF-954E-1A407FFE59D3} = {B934ABD5-05A7-47CF-954E-1A407FFE59D3}
		{881513EA-5304-4D6F-BD3E-37491E2580A4} = {881513EA-5304-4D6F-BD3E-37491E2580A4}
	EndProjectSection
EndProject
Project("{8BC9CEB8-8B4A-11D0-8D11-00A0C91BC942}") = "O_Body", "O_Body\O_Body.vcproj", "{4BA94C98-3785-4641-83BD-757732D4EA1F}"
	ProjectSection(ProjectDependencies) = postProject
		{D7B9213B-1BD2-41A6-A4A8-5962E1C916E3} = {D7B9213B-1BD2-41A6-A4A8-5962E1C916E3}
		{6532543F-8D20-45CE-A126-E0D503AEF651} = {6532543F-8D20-45CE-A126-E0D503AEF651}
		{D60124AD-C39B-4CC5-9B39-6E001A7802EF} = {D60124AD-C39B-4CC5-9B39-6E001A7802EF}
		{A7572AB5-5E97-4041-BEF9-9C327D6FBA24} = {A7572AB5-5E97-4041-BEF9-9C327D6FBA24}
	EndProjectSection
EndProject
Project("{8BC9CEB8-8B4A-11D0-8D11-00A0C91BC942}") = "O_Flyer", "O_Flyer\O_Flyer.vcproj", "{3150C748-224C-49E8-9B2E-23516D1535A4}"
	ProjectSection(ProjectDependencies) = postProject
		{D7B9213B-1BD2-41A6-A4A8-5962E1C916E3} = {D7B9213B-1BD2-41A6-A4A8-5962E1C916E3}
		{6532543F-8D20-45CE-A126-E0D503AEF651} = {6532543F-8D20-45CE-A126-E0D503AEF651}
		{69EC1B80-B635-4727-9C61-E399286ACEDA} = {69EC1B80-B635-4727-9C61-E399286ACEDA}
		{D60124AD-C39B-4CC5-9B39-6E001A7802EF} = {D60124AD-C39B-4CC5-9B39-6E001A7802EF}
		{A7572AB5-5E97-4041-BEF9-9C327D6FBA24} = {A7572AB5-5E97-4041-BEF9-9C327D6FBA24}
	EndProjectSection
EndProject
Project("{8BC9CEB8-8B4A-11D0-8D11-00A0C91BC942}") = "O_Marker", "O_Marker\O_Marker.vcproj", "{67CF662B-F316-4663-B58C-14D594215CCF}"
	ProjectSection(ProjectDependencies) = postProject
		{D7B9213B-1BD2-41A6-A4A8-5962E1C916E3} = {D7B9213B-1BD2-41A6-A4A8-5962E1C916E3}
		{6532543F-8D20-45CE-A126-E0D503AEF651} = {6532543F-8D20-45CE-A126-E0D503AEF651}
		{D60124AD-C39B-4CC5-9B39-6E001A7802EF} = {D60124AD-C39B-4CC5-9B39-6E001A7802EF}
		{A7572AB5-5E97-4041-BEF9-9C327D6FBA24} = {A7572AB5-5E97-4041-BEF9-9C327D6FBA24}
	EndProjectSection
EndProject
Project("{8BC9CEB8-8B4A-11D0-8D11-00A0C91BC942}") = "O_PSet", "O_PSet\O_PSet.vcproj", "{0EC73D6F-ACA6-4AB5-A873-D283F7CD2395}"
	ProjectSection(ProjectDependencies) = postProject
		{D7B9213B-1BD2-41A6-A4A8-5962E1C916E3} = {D7B9213B-1BD2-41A6-A4A8-5962E1C916E3}
		{6532543F-8D20-45CE-A126-E0D503AEF651} = {6532543F-8D20-45CE-A126-E0D503AEF651}
		{D60124AD-C39B-4CC5-9B39-6E001A7802EF} = {D60124AD-C39B-4CC5-9B39-6E001A7802EF}
	EndProjectSection
EndProject
Project("{8BC9CEB8-8B4A-11D0-8D11-00A0C91BC942}") = "O_Pivot", "O_Pivot\O_Pivot.vcproj", "{272A598C-B384-4834-8B36-87D8D0D42C4E}"
	ProjectSection(ProjectDependencies) = postProject
		{D7B9213B-1BD2-41A6-A4A8-5962E1C916E3} = {D7B9213B-1BD2-41A6-A4A8-5962E1C916E3}
		{6532543F-8D20-45CE-A126-E0D503AEF651} = {6532543F-8D20-45CE-A126-E0D503AEF651}
		{69EC1B80-B635-4727-9C61-E399286ACEDA} = {69EC1B80-B635-4727-9C61-E399286ACEDA}
		{D60124AD-C39B-4CC5-9B39-6E001A7802EF} = {D60124AD-C39B-4CC5-9B39-6E001A7802EF}
		{A7572AB5-5E97-4041-BEF9-9C327D6FBA24} = {A7572AB5-5E97-4041-BEF9-9C327D6FBA24}
	EndProjectSection
EndProject
Project("{8BC9CEB8-8B4A-11D0-8D11-00A0C91BC942}") = "RSS_feature", "RSS_feature\RSS_feature.vcproj", "{6532543F-8D20-45CE-A126-E0D503AEF651}"
EndProject
Project("{8BC9CEB8-8B4A-11D0-8D11-00A0C91BC942}") = "RSS_kernel", "RSS_kernel\RSS_kernel.vcproj", "{D7B9213B-1BD2-41A6-A4A8-5962E1C916E3}"
	ProjectSection(ProjectDependencies) = postProject
		{6532543F-8D20-45CE-A126-E0D503AEF651} = {6532543F-8D20-45CE-A126-E0D503AEF651}
		{D60124AD-C39B-4CC5-9B39-6E001A7802EF} = {D60124AD-C39B-4CC5-9B39-6E001A7802EF}
	EndProjectSection
EndProject
Project("{8BC9CEB8-8B4A-11D0-8D11-00A0C91BC942}") = "RSS_model", "RSS_model\RSS_model.vcproj", "{A7572AB5-5E97-4041-BEF9-9C327D6FBA24}"
EndProject
Project("{8BC9CEB8-8B4A-11D0-8D11-00A0C91BC942}") = "RSS_object", "RSS_object\RSS_object.vcproj", "{D60124AD-C39B-4CC5-9B39-6E001A7802EF}"
	ProjectSection(ProjectDependencies) = postProject
		{6532543F-8D20-45CE-A126-E0D503AEF651} = {6532543F-8D20-45CE-A126-E0D503AEF651}
	EndProjectSection
EndProject
Project("{8BC9CEB8-8B4A-11D0-8D11-00A0C91BC942}") = "T_Area", "T_Area\T_Area.vcproj", "{B934ABD5-05A7-47CF-954E-1A407FFE59D3}"
	ProjectSection(ProjectDependencies) = postProject
		{D7B9213B-1BD2-41A6-A4A8-5962E1C916E3} = {D7B9213B-1BD2-41A6-A4A8-5962E1C916E3}
		{6532543F-8D20-45CE-A126-E0D503AEF651} = {6532543F-8D20-45CE-A126-E0D503AEF651}
		{69EC1B80-B635-4727-9C61-E399286ACEDA} = {69EC1B80-B635-4727-9C61-E399286ACEDA}
		{D60124AD-C39B-4CC5-9B39-6E001A7802EF} = {D60124AD-C39B-4CC5-9B39-6E001A7802EF}
		{3ED886AF-5906-4172-BB0A-312B67FC6218} = {3ED886AF-5906-4172-BB0A-312B67FC6218}
	EndProjectSection
EndProject
Project("{8BC9CEB8-8B4A-11D0-8D11-00A0C91BC942}") = "T_Fast", "T_Fast\T_Fast.vcproj", "{7358E67C-6BDF-468E-9E4F-1D9F6F720A0F}"
	ProjectSection(ProjectDependencies) = postProject
		{D7B9213B-1BD2-41A6-A4A8-5962E1C916E3} = {D7B9213B-1BD2-41A6-A4A8-5962E1C916E3}
		{6532543F-8D20-45CE-A126-E0D503AEF651} = {6532543F-8D20-45CE-A126-E0D503AEF651}
		{D60124AD-C39B-4CC5-9B39-6E001A7802EF} = {D60124AD-C39B-4CC5-9B39-6E001A7802EF}
	EndProjectSection
EndProject
Project("{8BC9CEB8-8B4A-11D0-8D11-00A0C91BC942}") = "T_Path", "T_Path\T_Path.vcproj", "{B7266B8D-F2E3-4A19-A638-115B24DC5CE4}"
	ProjectSection(ProjectDependencies) = postProject
		{D7B9213B-1BD2-41A6-A4A8-5962E1C916E3} = {D7B9213B-1BD2-41A6-A4A8-5962E1C916E3}
		{6532543F-8D20-45CE-A126-E0D503AEF651} = {6532543F-8D20-45CE-A126-E0D503AEF651}
		{69EC1B80-B635-4727-9C61-E399286ACEDA} = {69EC1B80-B635-4727-9C61-E399286ACEDA}
		{D60124AD-C39B-4CC5-9B39-6E001A7802EF} = {D60124AD-C39B-4CC5-9B39-6E001A7802EF}
	EndProjectSection
EndProject
Project("{8BC9CEB8-8B4A-11D0-8D11-00A0C91BC942}") = "T_Point", "T_Point\T_Point.vcproj", "{881513EA-5304-4D6F-BD3E-37491E2580A4}"
	ProjectSection(ProjectDependencies) = postProject
		{D7B9213B-1BD2-41A6-A4A8-5962E1C916E3} = {D7B9213B-1BD2-41A6-A4A8-5962E1C916E3}
		{6532543F-8D20-45CE-A126-E0D503AEF651} = {6532543F-8D20-45CE-A126-E0D503AEF651}
		{D60124AD-C39B-4CC5-9B39-6E001A7802EF} = {D60124AD-C39B-4CC5-9B39-6E001A7802EF}
	EndProjectSection
EndProject
Project("{8BC9CEB8-8B4A-11D0-8D11-00A0C91BC942}") = "T_Reach", "T_Reach\T_Reach.vcproj", "{44AF6B60-1497-4D9C-923B-24ED48D19D79}"
	ProjectSection(ProjectDependencies) = postProject
		{D7B9213B-1BD2-41A6-A4A8-5962E1C916E3} = {D7B9213B-1BD2-41A6-A4A8-5962E1C916E3}
		{6532543F-8D20-45CE-A126-E0D503AEF651} = {6532543F-8D20-45CE-A126-E0D503AEF651}
		{D60124AD-C39B-4CC5-9B39-6E001A7802EF} = {D60124AD-C39B-4CC5-9B39-6E001A7802EF}
	EndProjectSection
EndProject
Project("{8BC9CEB8-8B4A-11D0-8D11-00A0C91BC942}") = "T_Scan", "T_Scan\T_Scan.vcproj", "{D4E5EB7D-1687-4832-9E02-46D6522A6F96}"
	ProjectSection(ProjectDependencies) = postProject
		{82EE610B-422C-4F9F-84A9-B35BE210F8EA} = {82EE610B-422C-4F9F-84A9-B35BE210F8EA}
		{D7B9213B-1BD2-41A6-A4A8-5962E1C916E3} = {D7B9213B-1BD2-41A6-A4A8-5962E1C916E3}
		{6532543F-8D20-45CE-A126-E0D503AEF651} = {6532543F-8D20-45CE-A126-E0D503AEF651}
		{B7266B8D-F2E3-4A19-A638-115B24DC5CE4} = {B7266B8D-F2E3-4A19-A638-115B24DC5CE4}
		{D60124AD-C39B-4CC5-9B39-6E001A7802EF} = {D60124AD-C39B-4CC5-9B39-6E001A7802EF}
		{3ED886AF-5906-4172-BB0A-312B67FC6218} = {3ED886AF-5906-4172-BB0A-312B67FC6218}
	EndProjectSection
EndProject
Project("{8BC9CEB8-8B4A-11D0-8D11-00A0C91BC942}") = "T_Service", "T_Service\T_Service.vcproj", "{5CFD1145-327F-4A02-A1D4-DBA957E4C647}"
	ProjectSection(ProjectDependencies) = postProject
		{D7B9213B-1BD2-41A6-A4A8-5962E1C916E3} = {D7B9213B-1BD2-41A6-A4A8-5962E1C916E3}
		{6532543F-8D20-45CE-A126-E0D503AEF651} = {6532543F-8D20-45CE-A126-E0D503AEF651}
		{D60124AD-C39B-4CC5-9B39-6E001A7802EF} = {D60124AD-C39B-4CC5-9B39-6E001A7802EF}
	EndProjectSection
EndProject
Project("{8BC9CEB8-8B4A-11D0-8D11-00A0C91BC942}") = "T_Spline", "T_Spline\T_Spline.vcproj", "{99136B68-E0FD-44E2-89CC-E783C6F5DD04}"
	ProjectSection(ProjectDependencies) = postProject
		{D7B9213B-1BD2-41A6-A4A8-5962E1C916E3} = {D7B9213B-1BD2-41A6-A4A8-5962E1C916E3}
		{6532543F-8D20-45CE-A126-E0D503AEF651} = {6532543F-8D20-45CE-A126-E0D503AEF651}
		{B7266B8D-F2E3-4A19-A638-115B24DC5CE4} = {B7266B8D-F2E3-4A19-A638-115B24DC5CE4}
		{D60124AD-C39B-4CC5-9B39-6E001A7802EF} = {D60124AD-C39B-4CC5-9B39-6E001A7802EF}
	EndProjectSection
EndProject
Project("{8BC9CEB8-8B4A-11D0-8D11-00A0C91BC942}") = "CCL_1_lib", "..\..\_Projects_2008\CCL_1.LIB\CCL_1_lib.vcproj", "{C12B9360-3BFF-4928-8F21-6BB7CEAD40A4}"
EndProject
Project("{8BC9CEB8-8B4A-11D0-8D11-00A0C91BC942}") = "Matrix_lib", "..\..\_Projects_2008\MATRIX.LIB\Matrix_lib.vcproj", "{69EC1B80-B635-4727-9C61-E399286ACEDA}"
EndProject
Project("{8BC9CEB8-8B4A-11D0-8D11-00A0C91BC942}") = "Ud_tools_lib", "..\..\_Projects_2008\UD_TOOLS.LIB\Ud_tools_lib.vcproj", "{3ED886AF-5906-4172-BB0A-312B67FC6218}"
EndProject
Project("{8BC9CEB8-8B4A-11D0-8D11-00A0C91BC942}") = "OLE_lib", "..\..\_Projects_2008\OLE.LIB\OLE_lib.vcproj", "{82EE610B-422C-4F9F-84A9-B35BE210F8EA}"
EndProject
Global
	GlobalSection(SolutionConfigurationPlatforms) = preSolution
		Debug|Win32 = Debug|Win32
		Release|Win32 = Release|Win32
	EndGlobalSection
	GlobalSection(ProjectConfigurationPlatforms) = postSolution
		{4F6A6D34-8C92-49E6-8738-B3EAFD20985E}.Debug|Win32.ActiveCfg = Debug|Win32
		{4F6A6D34-8C92-49E6-8738-B3EAFD20985E}.Debug|Win32.Build.0 = Debug|Win32
		{4F6A6D34-8C92-49E6-8738-B3EAFD20985E}.Release|Win32.ActiveCfg = Release|Win32
		{4F6A6D34-8C92-49E6-8738-B3EAFD20985E}.Release|Win32.Build.0 = Release|Win32
		{0FC49812-97B6-495C-87E3-7262DD150F04}.Debug|Win32.ActiveCfg = Debug|Win32
		{0FC49812-97B6-495C-87E3-7262DD150F04}.Debug|Win32.Build.0 = Debug|Win32
		{0FC49812-97B6-495C-87E3-7262DD150F04}.Release|Win32.ActiveCfg = Release|Win32
		{0FC49812-97B6-495C-87E3-7262DD150F04}.Release|Win32.Build.0 = Release|Win32
		{8F1DC85E-05F5-4F6D-9023-88B9E3A1C11D}.Debug|Win32.ActiveCfg = Debug|Win32
		{8F1DC85E-05F5-4F6D-9023-88B9E3A1C11D}.Debug|Win32.Build.0 = Debug|Win32
		{8F1DC85E-05F5-4F6D-9023-88B9E3A1C11D}.Release|Win32.ActiveCfg = Release|Win32
		{8F1DC85E-05F5-4F6D-9023-88B9E3A1C11D}.Release|Win32.Build.0 = Release|Win32
		{090E3584-54BB-4B26-AB93-903AC46D5893}.Debug|Win32.ActiveCfg = Debug|Win32
		{090E3584-54BB-4B26-AB93-903AC46D5893}.Debug|Win32.Build.0 = Debug|Win32
		{090E3584-54BB-4B26-AB93-903AC46D5893}.Release|Win32.ActiveCfg = Release|Win32
		{090E3584-54BB-4B26-AB93-903AC46D5893}.Release|Win32.Build.0 = Release|Win32
		{4BA94C98-3785-4641-83BD-757732D4EA1F}.Debug|Win32.ActiveCfg = Debug|Win32
		{4BA94C98-3785-4641-83BD-757732D4EA1F}.Debug|Win32.Build.0 = Debug|Win32
		{4BA94C98-3785-4641-83BD-757732D4EA1F}.Release|Win32.ActiveCfg = Release|Win32
		{4BA94C98-3785-4641-83BD-757732D4EA1F}.Release|Win32.Build.0 = Release|Win32
		{3150C748-224C-49E8-9B2E-23516D1535A4}.Debug|Win32.ActiveCfg = Debug|Win32
		{3150C748-224C-49E8-9B2E-23516D1535A4}.Debug|Win32.Build.0 = Debug|Win32
		{3150C748-224C-49E8-9B2E-23516D1535A4}.Release|Win32.ActiveCfg = Release|Win32
		{3150C748-224C-49E8-9B2E-23516D1535A4}.Release|Win32.Build.0 = Release|Win32
		{67CF662B-F316-4663-B58C-14D594215CCF}.Debug|Win32.ActiveCfg = Debug|Win32
		{67CF662B-F316-4663-B58C-14D594215CCF}.Debug|Win32.Build.0 = Debug|Win32
		{67CF662B-F316-4663-B58C-14D594215CCF}.Release|Win32.ActiveCfg = Release|Win32
		{67CF662B-F316-4663-B58C-14D594215CCF}.Release|Win32.Build.0 = Release|Win32
		{0EC73D6F-ACA6-4AB5-A873-D283F7CD2395}.Debug|Win32.ActiveCfg = Debug|Win32
		{0EC73D6F-ACA6-4AB5-A873-D283F7CD2395}.Debug|Win32.Build.0 = Debug|Win32
		{0EC73D6F-ACA6-4AB5-A873-D283F7CD2395}.Release|Win32.ActiveCfg = Release|Win32
		{0EC73D6F-ACA6-4AB5-A873-D283F7CD2395}.Release|Win32.Build.0 = Release|Win32
		{272A598C-B384-4834-8B36-87D8D0D42C4E}.Debug|Win32.ActiveCfg = Debug|Win32
		{272A598C-B384-4834-8B36-87D8D0D42C4E}.Debug|Win32.Build.0 = Debug|Win32
		{272A598C-B384-4834-8B36-87D8D0D42C4E}.Release|Win32.ActiveCfg = Release|Win32
		{272A598C-B384-4834-8B36-87D8D0D42C4E}.Release|Win32.Build.0 = Release|Win32
		{6532543F-8D20-45CE-A126-E0D503AEF651}.Debug|Win32.ActiveCfg = Debug|Win32
		{6532543F-8D20-45CE-A126-E0D503AEF651}.Debug|Win32.Build.0 = Debug|Win32
		{6532543F-8D20-45CE-A126-E0D503AEF651}.Release|Win32.ActiveCfg = Release|Win32
		{6532543F-8D20-45CE-A126-E0D503AEF651}.Release|Win32.Build.0 = Release|Win32
		{D7B9213B-1BD2-41A6-A4A8-5962E1C916E3}.Debug|Win32.ActiveCfg = Debug|Win32
		{D7B9213B-1BD2-41A6-A4A8-5962E1C916E3}.Debug|Win32.Build.0 = Debug|Win32
		{D7B9213B-1BD2-41A6-A4A8-5962E1C916E3}.Release|Win32.ActiveCfg = Release|Win32
		{D7B9213B-1BD2-41A6-A4A8-5962E1C916E3}.Release|Win32.Build.0 = Release|Win32
		{A7572AB5-5E97-4041-BEF9-9C327D6FBA24}.Debug|Win32.ActiveCfg = Debug|Win32
		{A7572AB5-5E97-4041-BEF9-9C327D6FBA24}.Debug|Win32.Build.0 = Debug|Win32
		{A7572AB5-5E97-4041-BEF9-9C327D6FBA24}.Release|Win32.ActiveCfg = Release|Win32
		{A7572AB5-5E97-4041-BEF9-9C327D6FBA24}.Release|Win32.Build.0 = Release|Win32
		{D60124AD-C39B-4CC5-9B39-6E001A7802EF}.Debug|Win32.ActiveCfg = Debug|Win32
		{D60124AD-C39B-4CC5-9B39-6E001A7802EF}.Debug|Win32.Build.0 = Debug|Win32
		{D60124AD-C39B-4CC5-9B39-6E001A7802EF}.Release|Win32.ActiveCfg = Release|Win32
		{D60124AD-C39B-4CC5-9B39-6E001A7802EF}.Release|Win32.Build.0 = Release|Win32
		{B934ABD5-05A7-47CF-954E-1A407FFE59D3}.Debug|Win32.ActiveCfg = Debug|Win32
		{B934ABD5-05A7-47CF-954E-1A407FFE59D3}.Debug|Win32.Build.0 = Debug|Win32
		{B934ABD5-05A7-47CF-954E-1A407FFE59D3}.Release|Win32.ActiveCfg = Release|Win32
		{B934ABD5-05A7-47CF-954E-1A407FFE59D3}.Release|Win32.Build.0 = Release|Win32
		{7358E67C-6BDF-468E-9E4F-1D9F6F720A0F}.Debug|Win32.ActiveCfg = Debug|Win32
		{7358E67C-6BDF-468E-9E4F-1D9F6F720A0F}.Debug|Win32.Build.0 = Debug|Win32
		{7358E67C-6BDF-468E-9E4F-1D9F6F720A0F}.Release|Win32.ActiveCfg = Release|Win32
		{7358E67C-6BDF-468E-9E4F-1D9F6F720A0F}.Release|Win32.Build.0 = Release|Win32
		{B7266B8D-F2E3-4A19-A638-115B24DC5CE4}.Debug|Win32.ActiveCfg = Debug|Win32
		{B7266B8D-F2E3-4A19-A638-115B24DC5CE4}.Debug|Win32.Build.0 = Debug|Win32
		{B7266B8D-F2E3-4A19-A638-115B24DC5CE4}.Release|Win32.ActiveCfg = Release|Win32
		{B7266B8D-F2E3-4A19-A638-115B24DC5CE4}.Release|Win32.Build.0 = Release|Win32
		{881513EA-5304-4D6F-BD3E-37491E2580A4}.Debug|Win32.ActiveCfg = Debug|Win32
		{881513EA-5304-4D6F-BD3E-37491E2580A4}.Debug|Win32.Build.0 = Debug|Win32
		{881513EA-5304-4D6F-BD3E-37491E2580A4}.Release|Win32.ActiveCfg = Release|Win32
		{881513EA-5304-4D6F-BD3E-37491E2580A4}.Release|Win32.Build.0 = Release|Win32
		{44AF6B60-1497-4D9C-923B-24ED48D19D79}.Debug|Win32.ActiveCfg = Debug|Win32
		{44AF6B60-1497-4D9C-923B-24ED48D19D79}.Debug|Win32.Build.0 = Debug|Win32
		{44AF6B60-1497-4D9C-923B-24ED48D19D79}.Release|Win32.ActiveCfg = Release|Win32
		{44AF6B60-1497-4D9C-923B-24ED48D19D79}.Release|Win32.Build.0 = Release|Win32
		{D4E5EB7D-1687-4832-9E02-46D6522A6F96}.Debug|Win32.ActiveCfg = Debug|Win32
		{D4E5EB7D-1687-4832-9E02-46D6522A6F96}.Debug|Win32.Build.0 = Debug|Win32
		{D4E5EB7D-1687-4832-9E02-46D6522A6F96}.Release|Win32.ActiveCfg = Release|Win32
		{D4E5EB7D-1687-4832-9E02-46D6522A6F96}.Release|Win32.Build.0 = Release|Win32
		{5CFD1145-327F-4A02-A1D4-DBA957E4C647}.Debug|Win32.ActiveCfg = Debug|Win32
		{5CFD1145-327F-4A02-A1D4-DBA957E4C647}.Debug|Win32.Build.0 = Debug|Win32
		{5CFD1145-327F-4A02-A1D4-DBA957E4C647}.Release|Win32.ActiveCfg = Release|Win32
		{5CFD1145-327F-4A02-A1D4-DBA957E4C647}.Release|Win32.Build.0 = Release|Win32
		{99136B68-E0FD-44E2-89CC-E783C6F5DD04}.Debug|Win32.ActiveCfg = Debug|Win32
		{99136B68-E0FD-44E2-89CC-E783C6F5DD04}.Debug|Win32.Build.0 = Debug|Win32
		{99136B68-E0FD-44E2-89CC-E783C6F5DD04}.Release|Win32.ActiveCfg = Release|Win32
		{99136B68-E0FD-44E2-89CC-E783C6F5DD04}.Release|Win32.Build.0 = Release|Win32
		{C12B9360-3BFF-4928-8F21-6BB7CEAD40A4}.Debug|Win32.ActiveCfg = Debug|Win32
		{C12B9360-3BFF-4928-8F21-6BB7CEAD40A4}.Debug|Win32.Build.0 = Debug|Win32
		{C12B9360-3BFF-4928-8F21-6BB7CEAD40A4}.Release|Win32.ActiveCfg = Release|Win32
		{C12B9360-3BFF-4928-8F21-6BB7CEAD40A4}.Release|Win32.Build.0 = Release|Win32
		{69EC1B80-B635-4727-9C61-E399286ACEDA}.Debug|Win32.ActiveCfg = Debug|Win32
		{69EC1B80-B635-4727-9C61-E399286ACEDA}.Debug|Win32.Build.0 = Debug|Win32
		{69EC1B80-B635-4727-9C61-E399286ACEDA}.Release|Win32.ActiveCfg = Release|Win32
		{69EC1B80-B635-4727-9C61-E399286ACEDA}.Release|Win32.Build.0 = Release|Win32
		{3ED886AF-5906-4172-BB0A-312B67FC6218}.Debug|Win32.ActiveCfg = Debug|Win32
		{3ED886AF-5906-4172-BB0A-312B67FC6218}.Debug|Win32.Build.0 = Debug|Win32
		{3ED886AF-5906-4172-BB0A-312B67FC6218}.Release|Win32.ActiveCfg = Release|Win32
		{3ED886AF-5906-4172-BB0A-312B67FC6218}.Release|Win32.Build.0 = Release|Win32
		{82EE610B-422C-4F9F-84A9-B35BE210F8EA}.Debug|Win32.ActiveCfg = Debug|Win32
		{82EE610B-422C-4F9F-84A9-B35BE210F8EA}.Debug|Win32.Build.0 = Debug|Win32
		{82EE610B-422C-4F9F-84A9-B35BE210F8EA}.Release|Win32.ActiveCfg = Release|Win32
		{82EE610B-422C-4F9F-84A9-B35BE210F8EA}.Release|Win32.Build.0 = Release|Win32
	EndGlobalSection
	GlobalSection(SolutionProperties) = preSolution
		HideSolutionNode = FALSE
	EndGlobalSection
EndGlobal
